
Microsoft Visual Studio Solution File, Format Version 12.00
# Visual Studio Version 16
VisualStudioVersion = 16.0.31729.503
MinimumVisualStudioVersion = 10.0.40219.1
Project("{FAE04EC0-301F-11D3-BF4B-00C04F79EFBC}") = "Ejercicio1_UI", "DEINT-11_Ejercicio1_UWP_UI\Ejercicio1_UI.csproj", "{CDF1C8A1-B62E-4DD7-A97B-EE42181DF1AA}"
EndProject
Project("{FAE04EC0-301F-11D3-BF4B-00C04F79EFBC}") = "DAL", "DAL\DAL.csproj", "{C7A91AD0-9FF9-4654-A27D-85E852A93575}"
EndProject
Project("{FAE04EC0-301F-11D3-BF4B-00C04F79EFBC}") = "Entidades", "Entidades\Entidades.csproj", "{D1040624-4A9B-4083-967E-0DF3AA9ADD61}"
EndProject
Project("{FAE04EC0-301F-11D3-BF4B-00C04F79EFBC}") = "Ejercicio2_UI", "Ejercicio2_UI\Ejercicio2_UI.csproj", "{2EBE211E-3435-452B-8B55-510D6EB94BA7}"
EndProject
Global
	GlobalSection(SolutionConfigurationPlatforms) = preSolution
		Debug|Any CPU = Debug|Any CPU
		Debug|ARM = Debug|ARM
		Debug|ARM64 = Debug|ARM64
		Debug|x64 = Debug|x64
		Debug|x86 = Debug|x86
		Release|Any CPU = Release|Any CPU
		Release|ARM = Release|ARM
		Release|ARM64 = Release|ARM64
		Release|x64 = Release|x64
		Release|x86 = Release|x86
	EndGlobalSection
	GlobalSection(ProjectConfigurationPlatforms) = postSolution
		{CDF1C8A1-B62E-4DD7-A97B-EE42181DF1AA}.Debug|Any CPU.ActiveCfg = Debug|x86
		{CDF1C8A1-B62E-4DD7-A97B-EE42181DF1AA}.Debug|ARM.ActiveCfg = Debug|ARM
		{CDF1C8A1-B62E-4DD7-A97B-EE42181DF1AA}.Debug|ARM.Build.0 = Debug|ARM
		{CDF1C8A1-B62E-4DD7-A97B-EE42181DF1AA}.Debug|ARM.Deploy.0 = Debug|ARM
		{CDF1C8A1-B62E-4DD7-A97B-EE42181DF1AA}.Debug|ARM64.ActiveCfg = Debug|ARM64
		{CDF1C8A1-B62E-4DD7-A97B-EE42181DF1AA}.Debug|ARM64.Build.0 = Debug|ARM64
		{CDF1C8A1-B62E-4DD7-A97B-EE42181DF1AA}.Debug|ARM64.Deploy.0 = Debug|ARM64
		{CDF1C8A1-B62E-4DD7-A97B-EE42181DF1AA}.Debug|x64.ActiveCfg = Debug|x64
		{CDF1C8A1-B62E-4DD7-A97B-EE42181DF1AA}.Debug|x64.Build.0 = Debug|x64
		{CDF1C8A1-B62E-4DD7-A97B-EE42181DF1AA}.Debug|x64.Deploy.0 = Debug|x64
		{CDF1C8A1-B62E-4DD7-A97B-EE42181DF1AA}.Debug|x86.ActiveCfg = Debug|x86
		{CDF1C8A1-B62E-4DD7-A97B-EE42181DF1AA}.Debug|x86.Build.0 = Debug|x86
		{CDF1C8A1-B62E-4DD7-A97B-EE42181DF1AA}.Debug|x86.Deploy.0 = Debug|x86
		{CDF1C8A1-B62E-4DD7-A97B-EE42181DF1AA}.Release|Any CPU.ActiveCfg = Release|x86
		{CDF1C8A1-B62E-4DD7-A97B-EE42181DF1AA}.Release|ARM.ActiveCfg = Release|ARM
		{CDF1C8A1-B62E-4DD7-A97B-EE42181DF1AA}.Release|ARM.Build.0 = Release|ARM
		{CDF1C8A1-B62E-4DD7-A97B-EE42181DF1AA}.Release|ARM.Deploy.0 = Release|ARM
		{CDF1C8A1-B62E-4DD7-A97B-EE42181DF1AA}.Release|ARM64.ActiveCfg = Release|ARM64
		{CDF1C8A1-B62E-4DD7-A97B-EE42181DF1AA}.Release|ARM64.Build.0 = Release|ARM64
		{CDF1C8A1-B62E-4DD7-A97B-EE42181DF1AA}.Release|ARM64.Deploy.0 = Release|ARM64
		{CDF1C8A1-B62E-4DD7-A97B-EE42181DF1AA}.Release|x64.ActiveCfg = Release|x64
		{CDF1C8A1-B62E-4DD7-A97B-EE42181DF1AA}.Release|x64.Build.0 = Release|x64
		{CDF1C8A1-B62E-4DD7-A97B-EE42181DF1AA}.Release|x64.Deploy.0 = Release|x64
		{CDF1C8A1-B62E-4DD7-A97B-EE42181DF1AA}.Release|x86.ActiveCfg = Release|x86
		{CDF1C8A1-B62E-4DD7-A97B-EE42181DF1AA}.Release|x86.Build.0 = Release|x86
		{CDF1C8A1-B62E-4DD7-A97B-EE42181DF1AA}.Release|x86.Deploy.0 = Release|x86
		{C7A91AD0-9FF9-4654-A27D-85E852A93575}.Debug|Any CPU.ActiveCfg = Debug|Any CPU
		{C7A91AD0-9FF9-4654-A27D-85E852A93575}.Debug|Any CPU.Build.0 = Debug|Any CPU
		{C7A91AD0-9FF9-4654-A27D-85E852A93575}.Debug|ARM.ActiveCfg = Debug|ARM
		{C7A91AD0-9FF9-4654-A27D-85E852A93575}.Debug|ARM.Build.0 = Debug|ARM
		{C7A91AD0-9FF9-4654-A27D-85E852A93575}.Debug|ARM64.ActiveCfg = Debug|ARM64
		{C7A91AD0-9FF9-4654-A27D-85E852A93575}.Debug|ARM64.Build.0 = Debug|ARM64
		{C7A91AD0-9FF9-4654-A27D-85E852A93575}.Debug|x64.ActiveCfg = Debug|x64
		{C7A91AD0-9FF9-4654-A27D-85E852A93575}.Debug|x64.Build.0 = Debug|x64
		{C7A91AD0-9FF9-4654-A27D-85E852A93575}.Debug|x86.ActiveCfg = Debug|x86
		{C7A91AD0-9FF9-4654-A27D-85E852A93575}.Debug|x86.Build.0 = Debug|x86
		{C7A91AD0-9FF9-4654-A27D-85E852A93575}.Release|Any CPU.ActiveCfg = Release|Any CPU
		{C7A91AD0-9FF9-4654-A27D-85E852A93575}.Release|Any CPU.Build.0 = Release|Any CPU
		{C7A91AD0-9FF9-4654-A27D-85E852A93575}.Release|ARM.ActiveCfg = Release|ARM
		{C7A91AD0-9FF9-4654-A27D-85E852A93575}.Release|ARM.Build.0 = Release|ARM
		{C7A91AD0-9FF9-4654-A27D-85E852A93575}.Release|ARM64.ActiveCfg = Release|ARM64
		{C7A91AD0-9FF9-4654-A27D-85E852A93575}.Release|ARM64.Build.0 = Release|ARM64
		{C7A91AD0-9FF9-4654-A27D-85E852A93575}.Release|x64.ActiveCfg = Release|x64
		{C7A91AD0-9FF9-4654-A27D-85E852A93575}.Release|x64.Build.0 = Release|x64
		{C7A91AD0-9FF9-4654-A27D-85E852A93575}.Release|x86.ActiveCfg = Release|x86
		{C7A91AD0-9FF9-4654-A27D-85E852A93575}.Release|x86.Build.0 = Release|x86
		{D1040624-4A9B-4083-967E-0DF3AA9ADD61}.Debug|Any CPU.ActiveCfg = Debug|Any CPU
		{D1040624-4A9B-4083-967E-0DF3AA9ADD61}.Debug|Any CPU.Build.0 = Debug|Any CPU
		{D1040624-4A9B-4083-967E-0DF3AA9ADD61}.Debug|ARM.ActiveCfg = Debug|ARM
		{D1040624-4A9B-4083-967E-0DF3AA9ADD61}.Debug|ARM.Build.0 = Debug|ARM
		{D1040624-4A9B-4083-967E-0DF3AA9ADD61}.Debug|ARM64.ActiveCfg = Debug|ARM64
		{D1040624-4A9B-4083-967E-0DF3AA9ADD61}.Debug|ARM64.Build.0 = Debug|ARM64
		{D1040624-4A9B-4083-967E-0DF3AA9ADD61}.Debug|x64.ActiveCfg = Debug|x64
		{D1040624-4A9B-4083-967E-0DF3AA9ADD61}.Debug|x64.Build.0 = Debug|x64
		{D1040624-4A9B-4083-967E-0DF3AA9ADD61}.Debug|x86.ActiveCfg = Debug|x86
		{D1040624-4A9B-4083-967E-0DF3AA9ADD61}.Debug|x86.Build.0 = Debug|x86
		{D1040624-4A9B-4083-967E-0DF3AA9ADD61}.Release|Any CPU.ActiveCfg = Release|Any CPU
		{D1040624-4A9B-4083-967E-0DF3AA9ADD61}.Release|Any CPU.Build.0 = Release|Any CPU
		{D1040624-4A9B-4083-967E-0DF3AA9ADD61}.Release|ARM.ActiveCfg = Release|ARM
		{D1040624-4A9B-4083-967E-0DF3AA9ADD61}.Release|ARM.Build.0 = Release|ARM
		{D1040624-4A9B-4083-967E-0DF3AA9ADD61}.Release|ARM64.ActiveCfg = Release|ARM64
		{D1040624-4A9B-4083-967E-0DF3AA9ADD61}.Release|ARM64.Build.0 = Release|ARM64
		{D1040624-4A9B-4083-967E-0DF3AA9ADD61}.Release|x64.ActiveCfg = Release|x64
		{D1040624-4A9B-4083-967E-0DF3AA9ADD61}.Release|x64.Build.0 = Release|x64
		{D1040624-4A9B-4083-967E-0DF3AA9ADD61}.Release|x86.ActiveCfg = Release|x86
		{D1040624-4A9B-4083-967E-0DF3AA9ADD61}.Release|x86.Build.0 = Release|x86
		{2EBE211E-3435-452B-8B55-510D6EB94BA7}.Debug|Any CPU.ActiveCfg = Debug|x86
		{2EBE211E-3435-452B-8B55-510D6EB94BA7}.Debug|ARM.ActiveCfg = Debug|ARM
		{2EBE211E-3435-452B-8B55-510D6EB94BA7}.Debug|ARM.Build.0 = Debug|ARM
		{2EBE211E-3435-452B-8B55-510D6EB94BA7}.Debug|ARM.Deploy.0 = Debug|ARM
		{2EBE211E-3435-452B-8B55-510D6EB94BA7}.Debug|ARM64.ActiveCfg = Debug|ARM64
		{2EBE211E-3435-452B-8B55-510D6EB94BA7}.Debug|ARM64.Build.0 = Debug|ARM64
		{2EBE211E-3435-452B-8B55-510D6EB94BA7}.Debug|ARM64.Deploy.0 = Debug|ARM64
		{2EBE211E-3435-452B-8B55-510D6EB94BA7}.Debug|x64.ActiveCfg = Debug|x64
		{2EBE211E-3435-452B-8B55-510D6EB94BA7}.Debug|x64.Build.0 = Debug|x64
		{2EBE211E-3435-452B-8B55-510D6EB94BA7}.Debug|x64.Deploy.0 = Debug|x64
		{2EBE211E-3435-452B-8B55-510D6EB94BA7}.Debug|x86.ActiveCfg = Debug|x86
		{2EBE211E-3435-452B-8B55-510D6EB94BA7}.Debug|x86.Build.0 = Debug|x86
		{2EBE211E-3435-452B-8B55-510D6EB94BA7}.Debug|x86.Deploy.0 = Debug|x86
		{2EBE211E-3435-452B-8B55-510D6EB94BA7}.Release|Any CPU.ActiveCfg = Release|x86
		{2EBE211E-3435-452B-8B55-510D6EB94BA7}.Release|ARM.ActiveCfg = Release|ARM
		{2EBE211E-3435-452B-8B55-510D6EB94BA7}.Release|ARM.Build.0 = Release|ARM
		{2EBE211E-3435-452B-8B55-510D6EB94BA7}.Release|ARM.Deploy.0 = Release|ARM
		{2EBE211E-3435-452B-8B55-510D6EB94BA7}.Release|ARM64.ActiveCfg = Release|ARM64
		{2EBE211E-3435-452B-8B55-510D6EB94BA7}.Release|ARM64.Build.0 = Release|ARM64
		{2EBE211E-3435-452B-8B55-510D6EB94BA7}.Release|ARM64.Deploy.0 = Release|ARM64
		{2EBE211E-3435-452B-8B55-510D6EB94BA7}.Release|x64.ActiveCfg = Release|x64
		{2EBE211E-3435-452B-8B55-510D6EB94BA7}.Release|x64.Build.0 = Release|x64
		{2EBE211E-3435-452B-8B55-510D6EB94BA7}.Release|x64.Deploy.0 = Release|x64
		{2EBE211E-3435-452B-8B55-510D6EB94BA7}.Release|x86.ActiveCfg = Release|x86
		{2EBE211E-3435-452B-8B55-510D6EB94BA7}.Release|x86.Build.0 = Release|x86
		{2EBE211E-3435-452B-8B55-510D6EB94BA7}.Release|x86.Deploy.0 = Release|x86
	EndGlobalSection
	GlobalSection(SolutionProperties) = preSolution
		HideSolutionNode = FALSE
	EndGlobalSection
	GlobalSection(ExtensibilityGlobals) = postSolution
		SolutionGuid = {5D17BC2A-98F2-4278-8FC7-B393717D540E}
	EndGlobalSection
EndGlobal
