
Microsoft Visual Studio Solution File, Format Version 12.00
# Visual Studio Version 17
VisualStudioVersion = 17.0.31919.166
MinimumVisualStudioVersion = 10.0.40219.1
Project("{FAE04EC0-301F-11D3-BF4B-00C04F79EFBC}") = "U15Ej1XamarinFormsHolaMundo.UWP", "U15Ej1XamarinFormsHolaMundo\U15Ej1XamarinFormsHolaMundo.UWP\U15Ej1XamarinFormsHolaMundo.UWP.csproj", "{A367F4EF-9A0A-4A9D-A2E9-43FE38B48811}"
EndProject
Project("{FAE04EC0-301F-11D3-BF4B-00C04F79EFBC}") = "U15Ej1XamarinFormsHolaMundo.Android", "U15Ej1XamarinFormsHolaMundo\U15Ej1XamarinFormsHolaMundo.Android\U15Ej1XamarinFormsHolaMundo.Android.csproj", "{840AB1E7-61BF-450E-AA58-5681E3C1104A}"
EndProject
Project("{FAE04EC0-301F-11D3-BF4B-00C04F79EFBC}") = "U15Ej1XamarinFormsHolaMundo.iOS", "U15Ej1XamarinFormsHolaMundo\U15Ej1XamarinFormsHolaMundo.iOS\U15Ej1XamarinFormsHolaMundo.iOS.csproj", "{E2AB44F2-F635-4E76-9844-9C5DB193D354}"
EndProject
Project("{FAE04EC0-301F-11D3-BF4B-00C04F79EFBC}") = "U15Ej1XamarinFormsHolaMundo", "U15Ej1XamarinFormsHolaMundo\U15Ej1XamarinFormsHolaMundo\U15Ej1XamarinFormsHolaMundo.csproj", "{2FE8FA96-52FD-425B-940B-9BEF27CFAFF9}"
EndProject
Global
	GlobalSection(SolutionConfigurationPlatforms) = preSolution
		Debug|Any CPU = Debug|Any CPU
		Debug|ARM = Debug|ARM
		Debug|iPhone = Debug|iPhone
		Debug|iPhoneSimulator = Debug|iPhoneSimulator
		Debug|x64 = Debug|x64
		Debug|x86 = Debug|x86
		Release|Any CPU = Release|Any CPU
		Release|ARM = Release|ARM
		Release|iPhone = Release|iPhone
		Release|iPhoneSimulator = Release|iPhoneSimulator
		Release|x64 = Release|x64
		Release|x86 = Release|x86
	EndGlobalSection
	GlobalSection(ProjectConfigurationPlatforms) = postSolution
		{A367F4EF-9A0A-4A9D-A2E9-43FE38B48811}.Debug|Any CPU.ActiveCfg = Debug|x64
		{A367F4EF-9A0A-4A9D-A2E9-43FE38B48811}.Debug|Any CPU.Build.0 = Debug|x64
		{A367F4EF-9A0A-4A9D-A2E9-43FE38B48811}.Debug|Any CPU.Deploy.0 = Debug|x64
		{A367F4EF-9A0A-4A9D-A2E9-43FE38B48811}.Debug|ARM.ActiveCfg = Debug|ARM
		{A367F4EF-9A0A-4A9D-A2E9-43FE38B48811}.Debug|ARM.Build.0 = Debug|ARM
		{A367F4EF-9A0A-4A9D-A2E9-43FE38B48811}.Debug|ARM.Deploy.0 = Debug|ARM
		{A367F4EF-9A0A-4A9D-A2E9-43FE38B48811}.Debug|iPhone.ActiveCfg = Debug|x64
		{A367F4EF-9A0A-4A9D-A2E9-43FE38B48811}.Debug|iPhone.Build.0 = Debug|x64
		{A367F4EF-9A0A-4A9D-A2E9-43FE38B48811}.Debug|iPhone.Deploy.0 = Debug|x64
		{A367F4EF-9A0A-4A9D-A2E9-43FE38B48811}.Debug|iPhoneSimulator.ActiveCfg = Debug|x64
		{A367F4EF-9A0A-4A9D-A2E9-43FE38B48811}.Debug|iPhoneSimulator.Build.0 = Debug|x64
		{A367F4EF-9A0A-4A9D-A2E9-43FE38B48811}.Debug|iPhoneSimulator.Deploy.0 = Debug|x64
		{A367F4EF-9A0A-4A9D-A2E9-43FE38B48811}.Debug|x64.ActiveCfg = Debug|x64
		{A367F4EF-9A0A-4A9D-A2E9-43FE38B48811}.Debug|x64.Build.0 = Debug|x64
		{A367F4EF-9A0A-4A9D-A2E9-43FE38B48811}.Debug|x64.Deploy.0 = Debug|x64
		{A367F4EF-9A0A-4A9D-A2E9-43FE38B48811}.Debug|x86.ActiveCfg = Debug|x86
		{A367F4EF-9A0A-4A9D-A2E9-43FE38B48811}.Debug|x86.Build.0 = Debug|x86
		{A367F4EF-9A0A-4A9D-A2E9-43FE38B48811}.Debug|x86.Deploy.0 = Debug|x86
		{A367F4EF-9A0A-4A9D-A2E9-43FE38B48811}.Release|Any CPU.ActiveCfg = Release|x64
		{A367F4EF-9A0A-4A9D-A2E9-43FE38B48811}.Release|Any CPU.Build.0 = Release|x64
		{A367F4EF-9A0A-4A9D-A2E9-43FE38B48811}.Release|Any CPU.Deploy.0 = Release|x64
		{A367F4EF-9A0A-4A9D-A2E9-43FE38B48811}.Release|ARM.ActiveCfg = Release|ARM
		{A367F4EF-9A0A-4A9D-A2E9-43FE38B48811}.Release|ARM.Build.0 = Release|ARM
		{A367F4EF-9A0A-4A9D-A2E9-43FE38B48811}.Release|ARM.Deploy.0 = Release|ARM
		{A367F4EF-9A0A-4A9D-A2E9-43FE38B48811}.Release|iPhone.ActiveCfg = Release|x64
		{A367F4EF-9A0A-4A9D-A2E9-43FE38B48811}.Release|iPhone.Build.0 = Release|x64
		{A367F4EF-9A0A-4A9D-A2E9-43FE38B48811}.Release|iPhone.Deploy.0 = Release|x64
		{A367F4EF-9A0A-4A9D-A2E9-43FE38B48811}.Release|iPhoneSimulator.ActiveCfg = Release|x64
		{A367F4EF-9A0A-4A9D-A2E9-43FE38B48811}.Release|iPhoneSimulator.Build.0 = Release|x64
		{A367F4EF-9A0A-4A9D-A2E9-43FE38B48811}.Release|iPhoneSimulator.Deploy.0 = Release|x64
		{A367F4EF-9A0A-4A9D-A2E9-43FE38B48811}.Release|x64.ActiveCfg = Release|x64
		{A367F4EF-9A0A-4A9D-A2E9-43FE38B48811}.Release|x64.Build.0 = Release|x64
		{A367F4EF-9A0A-4A9D-A2E9-43FE38B48811}.Release|x64.Deploy.0 = Release|x64
		{A367F4EF-9A0A-4A9D-A2E9-43FE38B48811}.Release|x86.ActiveCfg = Release|x86
		{A367F4EF-9A0A-4A9D-A2E9-43FE38B48811}.Release|x86.Build.0 = Release|x86
		{A367F4EF-9A0A-4A9D-A2E9-43FE38B48811}.Release|x86.Deploy.0 = Release|x86
		{840AB1E7-61BF-450E-AA58-5681E3C1104A}.Debug|Any CPU.ActiveCfg = Debug|Any CPU
		{840AB1E7-61BF-450E-AA58-5681E3C1104A}.Debug|Any CPU.Build.0 = Debug|Any CPU
		{840AB1E7-61BF-450E-AA58-5681E3C1104A}.Debug|Any CPU.Deploy.0 = Debug|Any CPU
		{840AB1E7-61BF-450E-AA58-5681E3C1104A}.Debug|ARM.ActiveCfg = Debug|Any CPU
		{840AB1E7-61BF-450E-AA58-5681E3C1104A}.Debug|ARM.Build.0 = Debug|Any CPU
		{840AB1E7-61BF-450E-AA58-5681E3C1104A}.Debug|ARM.Deploy.0 = Debug|Any CPU
		{840AB1E7-61BF-450E-AA58-5681E3C1104A}.Debug|iPhone.ActiveCfg = Debug|Any CPU
		{840AB1E7-61BF-450E-AA58-5681E3C1104A}.Debug|iPhone.Build.0 = Debug|Any CPU
		{840AB1E7-61BF-450E-AA58-5681E3C1104A}.Debug|iPhone.Deploy.0 = Debug|Any CPU
		{840AB1E7-61BF-450E-AA58-5681E3C1104A}.Debug|iPhoneSimulator.ActiveCfg = Debug|Any CPU
		{840AB1E7-61BF-450E-AA58-5681E3C1104A}.Debug|iPhoneSimulator.Build.0 = Debug|Any CPU
		{840AB1E7-61BF-450E-AA58-5681E3C1104A}.Debug|iPhoneSimulator.Deploy.0 = Debug|Any CPU
		{840AB1E7-61BF-450E-AA58-5681E3C1104A}.Debug|x64.ActiveCfg = Debug|Any CPU
		{840AB1E7-61BF-450E-AA58-5681E3C1104A}.Debug|x64.Build.0 = Debug|Any CPU
		{840AB1E7-61BF-450E-AA58-5681E3C1104A}.Debug|x64.Deploy.0 = Debug|Any CPU
		{840AB1E7-61BF-450E-AA58-5681E3C1104A}.Debug|x86.ActiveCfg = Debug|Any CPU
		{840AB1E7-61BF-450E-AA58-5681E3C1104A}.Debug|x86.Build.0 = Debug|Any CPU
		{840AB1E7-61BF-450E-AA58-5681E3C1104A}.Debug|x86.Deploy.0 = Debug|Any CPU
		{840AB1E7-61BF-450E-AA58-5681E3C1104A}.Release|Any CPU.ActiveCfg = Release|Any CPU
		{840AB1E7-61BF-450E-AA58-5681E3C1104A}.Release|Any CPU.Build.0 = Release|Any CPU
		{840AB1E7-61BF-450E-AA58-5681E3C1104A}.Release|Any CPU.Deploy.0 = Release|Any CPU
		{840AB1E7-61BF-450E-AA58-5681E3C1104A}.Release|ARM.ActiveCfg = Release|Any CPU
		{840AB1E7-61BF-450E-AA58-5681E3C1104A}.Release|ARM.Build.0 = Release|Any CPU
		{840AB1E7-61BF-450E-AA58-5681E3C1104A}.Release|ARM.Deploy.0 = Release|Any CPU
		{840AB1E7-61BF-450E-AA58-5681E3C1104A}.Release|iPhone.ActiveCfg = Release|Any CPU
		{840AB1E7-61BF-450E-AA58-5681E3C1104A}.Release|iPhone.Build.0 = Release|Any CPU
		{840AB1E7-61BF-450E-AA58-5681E3C1104A}.Release|iPhone.Deploy.0 = Release|Any CPU
		{840AB1E7-61BF-450E-AA58-5681E3C1104A}.Release|iPhoneSimulator.ActiveCfg = Release|Any CPU
		{840AB1E7-61BF-450E-AA58-5681E3C1104A}.Release|iPhoneSimulator.Build.0 = Release|Any CPU
		{840AB1E7-61BF-450E-AA58-5681E3C1104A}.Release|iPhoneSimulator.Deploy.0 = Release|Any CPU
		{840AB1E7-61BF-450E-AA58-5681E3C1104A}.Release|x64.ActiveCfg = Release|Any CPU
		{840AB1E7-61BF-450E-AA58-5681E3C1104A}.Release|x64.Build.0 = Release|Any CPU
		{840AB1E7-61BF-450E-AA58-5681E3C1104A}.Release|x64.Deploy.0 = Release|Any CPU
		{840AB1E7-61BF-450E-AA58-5681E3C1104A}.Release|x86.ActiveCfg = Release|Any CPU
		{840AB1E7-61BF-450E-AA58-5681E3C1104A}.Release|x86.Build.0 = Release|Any CPU
		{840AB1E7-61BF-450E-AA58-5681E3C1104A}.Release|x86.Deploy.0 = Release|Any CPU
		{E2AB44F2-F635-4E76-9844-9C5DB193D354}.Debug|Any CPU.ActiveCfg = Debug|iPhoneSimulator
		{E2AB44F2-F635-4E76-9844-9C5DB193D354}.Debug|Any CPU.Build.0 = Debug|iPhoneSimulator
		{E2AB44F2-F635-4E76-9844-9C5DB193D354}.Debug|Any CPU.Deploy.0 = Debug|iPhoneSimulator
		{E2AB44F2-F635-4E76-9844-9C5DB193D354}.Debug|ARM.ActiveCfg = Debug|iPhoneSimulator
		{E2AB44F2-F635-4E76-9844-9C5DB193D354}.Debug|ARM.Build.0 = Debug|iPhoneSimulator
		{E2AB44F2-F635-4E76-9844-9C5DB193D354}.Debug|ARM.Deploy.0 = Debug|iPhoneSimulator
		{E2AB44F2-F635-4E76-9844-9C5DB193D354}.Debug|iPhone.ActiveCfg = Debug|iPhone
		{E2AB44F2-F635-4E76-9844-9C5DB193D354}.Debug|iPhone.Build.0 = Debug|iPhone
		{E2AB44F2-F635-4E76-9844-9C5DB193D354}.Debug|iPhone.Deploy.0 = Debug|iPhone
		{E2AB44F2-F635-4E76-9844-9C5DB193D354}.Debug|iPhoneSimulator.ActiveCfg = Debug|iPhoneSimulator
		{E2AB44F2-F635-4E76-9844-9C5DB193D354}.Debug|iPhoneSimulator.Build.0 = Debug|iPhoneSimulator
		{E2AB44F2-F635-4E76-9844-9C5DB193D354}.Debug|iPhoneSimulator.Deploy.0 = Debug|iPhoneSimulator
		{E2AB44F2-F635-4E76-9844-9C5DB193D354}.Debug|x64.ActiveCfg = Debug|iPhone
		{E2AB44F2-F635-4E76-9844-9C5DB193D354}.Debug|x64.Build.0 = Debug|iPhone
		{E2AB44F2-F635-4E76-9844-9C5DB193D354}.Debug|x64.Deploy.0 = Debug|iPhone
		{E2AB44F2-F635-4E76-9844-9C5DB193D354}.Debug|x86.ActiveCfg = Debug|iPhoneSimulator
		{E2AB44F2-F635-4E76-9844-9C5DB193D354}.Debug|x86.Build.0 = Debug|iPhoneSimulator
		{E2AB44F2-F635-4E76-9844-9C5DB193D354}.Debug|x86.Deploy.0 = Debug|iPhoneSimulator
		{E2AB44F2-F635-4E76-9844-9C5DB193D354}.Release|Any CPU.ActiveCfg = Release|iPhoneSimulator
		{E2AB44F2-F635-4E76-9844-9C5DB193D354}.Release|Any CPU.Build.0 = Release|iPhoneSimulator
		{E2AB44F2-F635-4E76-9844-9C5DB193D354}.Release|Any CPU.Deploy.0 = Release|iPhoneSimulator
		{E2AB44F2-F635-4E76-9844-9C5DB193D354}.Release|ARM.ActiveCfg = Release|iPhoneSimulator
		{E2AB44F2-F635-4E76-9844-9C5DB193D354}.Release|ARM.Build.0 = Release|iPhoneSimulator
		{E2AB44F2-F635-4E76-9844-9C5DB193D354}.Release|ARM.Deploy.0 = Release|iPhoneSimulator
		{E2AB44F2-F635-4E76-9844-9C5DB193D354}.Release|iPhone.ActiveCfg = Release|iPhone
		{E2AB44F2-F635-4E76-9844-9C5DB193D354}.Release|iPhone.Build.0 = Release|iPhone
		{E2AB44F2-F635-4E76-9844-9C5DB193D354}.Release|iPhone.Deploy.0 = Release|iPhone
		{E2AB44F2-F635-4E76-9844-9C5DB193D354}.Release|iPhoneSimulator.ActiveCfg = Release|iPhoneSimulator
		{E2AB44F2-F635-4E76-9844-9C5DB193D354}.Release|iPhoneSimulator.Build.0 = Release|iPhoneSimulator
		{E2AB44F2-F635-4E76-9844-9C5DB193D354}.Release|iPhoneSimulator.Deploy.0 = Release|iPhoneSimulator
		{E2AB44F2-F635-4E76-9844-9C5DB193D354}.Release|x64.ActiveCfg = Release|iPhoneSimulator
		{E2AB44F2-F635-4E76-9844-9C5DB193D354}.Release|x64.Build.0 = Release|iPhoneSimulator
		{E2AB44F2-F635-4E76-9844-9C5DB193D354}.Release|x64.Deploy.0 = Release|iPhoneSimulator
		{E2AB44F2-F635-4E76-9844-9C5DB193D354}.Release|x86.ActiveCfg = Release|iPhoneSimulator
		{E2AB44F2-F635-4E76-9844-9C5DB193D354}.Release|x86.Build.0 = Release|iPhoneSimulator
		{E2AB44F2-F635-4E76-9844-9C5DB193D354}.Release|x86.Deploy.0 = Release|iPhoneSimulator
		{2FE8FA96-52FD-425B-940B-9BEF27CFAFF9}.Debug|Any CPU.ActiveCfg = Debug|Any CPU
		{2FE8FA96-52FD-425B-940B-9BEF27CFAFF9}.Debug|Any CPU.Build.0 = Debug|Any CPU
		{2FE8FA96-52FD-425B-940B-9BEF27CFAFF9}.Debug|Any CPU.Deploy.0 = Debug|Any CPU
		{2FE8FA96-52FD-425B-940B-9BEF27CFAFF9}.Debug|ARM.ActiveCfg = Debug|Any CPU
		{2FE8FA96-52FD-425B-940B-9BEF27CFAFF9}.Debug|ARM.Build.0 = Debug|Any CPU
		{2FE8FA96-52FD-425B-940B-9BEF27CFAFF9}.Debug|ARM.Deploy.0 = Debug|Any CPU
		{2FE8FA96-52FD-425B-940B-9BEF27CFAFF9}.Debug|iPhone.ActiveCfg = Debug|Any CPU
		{2FE8FA96-52FD-425B-940B-9BEF27CFAFF9}.Debug|iPhone.Build.0 = Debug|Any CPU
		{2FE8FA96-52FD-425B-940B-9BEF27CFAFF9}.Debug|iPhone.Deploy.0 = Debug|Any CPU
		{2FE8FA96-52FD-425B-940B-9BEF27CFAFF9}.Debug|iPhoneSimulator.ActiveCfg = Debug|Any CPU
		{2FE8FA96-52FD-425B-940B-9BEF27CFAFF9}.Debug|iPhoneSimulator.Build.0 = Debug|Any CPU
		{2FE8FA96-52FD-425B-940B-9BEF27CFAFF9}.Debug|iPhoneSimulator.Deploy.0 = Debug|Any CPU
		{2FE8FA96-52FD-425B-940B-9BEF27CFAFF9}.Debug|x64.ActiveCfg = Debug|Any CPU
		{2FE8FA96-52FD-425B-940B-9BEF27CFAFF9}.Debug|x64.Build.0 = Debug|Any CPU
		{2FE8FA96-52FD-425B-940B-9BEF27CFAFF9}.Debug|x64.Deploy.0 = Debug|Any CPU
		{2FE8FA96-52FD-425B-940B-9BEF27CFAFF9}.Debug|x86.ActiveCfg = Debug|Any CPU
		{2FE8FA96-52FD-425B-940B-9BEF27CFAFF9}.Debug|x86.Build.0 = Debug|Any CPU
		{2FE8FA96-52FD-425B-940B-9BEF27CFAFF9}.Debug|x86.Deploy.0 = Debug|Any CPU
		{2FE8FA96-52FD-425B-940B-9BEF27CFAFF9}.Release|Any CPU.ActiveCfg = Release|Any CPU
		{2FE8FA96-52FD-425B-940B-9BEF27CFAFF9}.Release|Any CPU.Build.0 = Release|Any CPU
		{2FE8FA96-52FD-425B-940B-9BEF27CFAFF9}.Release|Any CPU.Deploy.0 = Release|Any CPU
		{2FE8FA96-52FD-425B-940B-9BEF27CFAFF9}.Release|ARM.ActiveCfg = Release|Any CPU
		{2FE8FA96-52FD-425B-940B-9BEF27CFAFF9}.Release|ARM.Build.0 = Release|Any CPU
		{2FE8FA96-52FD-425B-940B-9BEF27CFAFF9}.Release|ARM.Deploy.0 = Release|Any CPU
		{2FE8FA96-52FD-425B-940B-9BEF27CFAFF9}.Release|iPhone.ActiveCfg = Release|Any CPU
		{2FE8FA96-52FD-425B-940B-9BEF27CFAFF9}.Release|iPhone.Build.0 = Release|Any CPU
		{2FE8FA96-52FD-425B-940B-9BEF27CFAFF9}.Release|iPhone.Deploy.0 = Release|Any CPU
		{2FE8FA96-52FD-425B-940B-9BEF27CFAFF9}.Release|iPhoneSimulator.ActiveCfg = Release|Any CPU
		{2FE8FA96-52FD-425B-940B-9BEF27CFAFF9}.Release|iPhoneSimulator.Build.0 = Release|Any CPU
		{2FE8FA96-52FD-425B-940B-9BEF27CFAFF9}.Release|iPhoneSimulator.Deploy.0 = Release|Any CPU
		{2FE8FA96-52FD-425B-940B-9BEF27CFAFF9}.Release|x64.ActiveCfg = Release|Any CPU
		{2FE8FA96-52FD-425B-940B-9BEF27CFAFF9}.Release|x64.Build.0 = Release|Any CPU
		{2FE8FA96-52FD-425B-940B-9BEF27CFAFF9}.Release|x64.Deploy.0 = Release|Any CPU
		{2FE8FA96-52FD-425B-940B-9BEF27CFAFF9}.Release|x86.ActiveCfg = Release|Any CPU
		{2FE8FA96-52FD-425B-940B-9BEF27CFAFF9}.Release|x86.Build.0 = Release|Any CPU
		{2FE8FA96-52FD-425B-940B-9BEF27CFAFF9}.Release|x86.Deploy.0 = Release|Any CPU
	EndGlobalSection
	GlobalSection(SolutionProperties) = preSolution
		HideSolutionNode = FALSE
	EndGlobalSection
	GlobalSection(ExtensibilityGlobals) = postSolution
		SolutionGuid = {18D1E5D9-27A4-4D32-B425-F03BE013CA58}
	EndGlobalSection
EndGlobal
