
Microsoft Visual Studio Solution File, Format Version 12.00
# Visual Studio Version 17
VisualStudioVersion = 17.0.31919.166
MinimumVisualStudioVersion = 10.0.40219.1
Project("{FAE04EC0-301F-11D3-BF4B-00C04F79EFBC}") = "U16EjercicioAPIUI.UWP", "U16EjercicioAPIUI\U16EjercicioAPIUI.UWP\U16EjercicioAPIUI.UWP.csproj", "{D17A3D30-6E5E-4CF6-B03E-4306070D42C4}"
EndProject
Project("{FAE04EC0-301F-11D3-BF4B-00C04F79EFBC}") = "U16EjercicioAPIUI.Android", "U16EjercicioAPIUI\U16EjercicioAPIUI.Android\U16EjercicioAPIUI.Android.csproj", "{495AE242-DA05-4966-B79B-CE9C4108AF32}"
EndProject
Project("{FAE04EC0-301F-11D3-BF4B-00C04F79EFBC}") = "U16EjercicioAPIUI", "U16EjercicioAPIUI\U16EjercicioAPIUI\U16EjercicioAPIUI.csproj", "{A50AEAD9-DC26-4B93-990B-0E14817078F3}"
EndProject
Project("{FAE04EC0-301F-11D3-BF4B-00C04F79EFBC}") = "U16EjercicioAPIEntidades", "U16EjercicioAPIEntidades\U16EjercicioAPIEntidades.csproj", "{56A82602-2309-4B14-9453-2A085491AAF9}"
EndProject
Project("{FAE04EC0-301F-11D3-BF4B-00C04F79EFBC}") = "U16EjercicioAPIDAL", "U16EjercicioAPIDAL\U16EjercicioAPIDAL.csproj", "{35CB1380-E8DA-46C9-A25C-947395B784C3}"
EndProject
Project("{FAE04EC0-301F-11D3-BF4B-00C04F79EFBC}") = "U16EjercicioAPIBL", "U16EjercicioAPIBL\U16EjercicioAPIBL.csproj", "{6345D126-DDEA-46D7-9913-2044D39F4D01}"
EndProject
Global
	GlobalSection(SolutionConfigurationPlatforms) = preSolution
		Debug|Any CPU = Debug|Any CPU
		Debug|ARM = Debug|ARM
		Debug|x64 = Debug|x64
		Debug|x86 = Debug|x86
		Release|Any CPU = Release|Any CPU
		Release|ARM = Release|ARM
		Release|x64 = Release|x64
		Release|x86 = Release|x86
	EndGlobalSection
	GlobalSection(ProjectConfigurationPlatforms) = postSolution
		{D17A3D30-6E5E-4CF6-B03E-4306070D42C4}.Debug|Any CPU.ActiveCfg = Debug|x64
		{D17A3D30-6E5E-4CF6-B03E-4306070D42C4}.Debug|Any CPU.Build.0 = Debug|x64
		{D17A3D30-6E5E-4CF6-B03E-4306070D42C4}.Debug|Any CPU.Deploy.0 = Debug|x64
		{D17A3D30-6E5E-4CF6-B03E-4306070D42C4}.Debug|ARM.ActiveCfg = Debug|ARM
		{D17A3D30-6E5E-4CF6-B03E-4306070D42C4}.Debug|ARM.Build.0 = Debug|ARM
		{D17A3D30-6E5E-4CF6-B03E-4306070D42C4}.Debug|ARM.Deploy.0 = Debug|ARM
		{D17A3D30-6E5E-4CF6-B03E-4306070D42C4}.Debug|x64.ActiveCfg = Debug|x64
		{D17A3D30-6E5E-4CF6-B03E-4306070D42C4}.Debug|x64.Build.0 = Debug|x64
		{D17A3D30-6E5E-4CF6-B03E-4306070D42C4}.Debug|x64.Deploy.0 = Debug|x64
		{D17A3D30-6E5E-4CF6-B03E-4306070D42C4}.Debug|x86.ActiveCfg = Debug|x86
		{D17A3D30-6E5E-4CF6-B03E-4306070D42C4}.Debug|x86.Build.0 = Debug|x86
		{D17A3D30-6E5E-4CF6-B03E-4306070D42C4}.Debug|x86.Deploy.0 = Debug|x86
		{D17A3D30-6E5E-4CF6-B03E-4306070D42C4}.Release|Any CPU.ActiveCfg = Release|x64
		{D17A3D30-6E5E-4CF6-B03E-4306070D42C4}.Release|Any CPU.Build.0 = Release|x64
		{D17A3D30-6E5E-4CF6-B03E-4306070D42C4}.Release|Any CPU.Deploy.0 = Release|x64
		{D17A3D30-6E5E-4CF6-B03E-4306070D42C4}.Release|ARM.ActiveCfg = Release|ARM
		{D17A3D30-6E5E-4CF6-B03E-4306070D42C4}.Release|ARM.Build.0 = Release|ARM
		{D17A3D30-6E5E-4CF6-B03E-4306070D42C4}.Release|ARM.Deploy.0 = Release|ARM
		{D17A3D30-6E5E-4CF6-B03E-4306070D42C4}.Release|x64.ActiveCfg = Release|x64
		{D17A3D30-6E5E-4CF6-B03E-4306070D42C4}.Release|x64.Build.0 = Release|x64
		{D17A3D30-6E5E-4CF6-B03E-4306070D42C4}.Release|x64.Deploy.0 = Release|x64
		{D17A3D30-6E5E-4CF6-B03E-4306070D42C4}.Release|x86.ActiveCfg = Release|x86
		{D17A3D30-6E5E-4CF6-B03E-4306070D42C4}.Release|x86.Build.0 = Release|x86
		{D17A3D30-6E5E-4CF6-B03E-4306070D42C4}.Release|x86.Deploy.0 = Release|x86
		{495AE242-DA05-4966-B79B-CE9C4108AF32}.Debug|Any CPU.ActiveCfg = Debug|Any CPU
		{495AE242-DA05-4966-B79B-CE9C4108AF32}.Debug|Any CPU.Build.0 = Debug|Any CPU
		{495AE242-DA05-4966-B79B-CE9C4108AF32}.Debug|Any CPU.Deploy.0 = Debug|Any CPU
		{495AE242-DA05-4966-B79B-CE9C4108AF32}.Debug|ARM.ActiveCfg = Debug|Any CPU
		{495AE242-DA05-4966-B79B-CE9C4108AF32}.Debug|ARM.Build.0 = Debug|Any CPU
		{495AE242-DA05-4966-B79B-CE9C4108AF32}.Debug|ARM.Deploy.0 = Debug|Any CPU
		{495AE242-DA05-4966-B79B-CE9C4108AF32}.Debug|x64.ActiveCfg = Debug|Any CPU
		{495AE242-DA05-4966-B79B-CE9C4108AF32}.Debug|x64.Build.0 = Debug|Any CPU
		{495AE242-DA05-4966-B79B-CE9C4108AF32}.Debug|x64.Deploy.0 = Debug|Any CPU
		{495AE242-DA05-4966-B79B-CE9C4108AF32}.Debug|x86.ActiveCfg = Debug|Any CPU
		{495AE242-DA05-4966-B79B-CE9C4108AF32}.Debug|x86.Build.0 = Debug|Any CPU
		{495AE242-DA05-4966-B79B-CE9C4108AF32}.Debug|x86.Deploy.0 = Debug|Any CPU
		{495AE242-DA05-4966-B79B-CE9C4108AF32}.Release|Any CPU.ActiveCfg = Release|Any CPU
		{495AE242-DA05-4966-B79B-CE9C4108AF32}.Release|Any CPU.Build.0 = Release|Any CPU
		{495AE242-DA05-4966-B79B-CE9C4108AF32}.Release|Any CPU.Deploy.0 = Release|Any CPU
		{495AE242-DA05-4966-B79B-CE9C4108AF32}.Release|ARM.ActiveCfg = Release|Any CPU
		{495AE242-DA05-4966-B79B-CE9C4108AF32}.Release|ARM.Build.0 = Release|Any CPU
		{495AE242-DA05-4966-B79B-CE9C4108AF32}.Release|ARM.Deploy.0 = Release|Any CPU
		{495AE242-DA05-4966-B79B-CE9C4108AF32}.Release|x64.ActiveCfg = Release|Any CPU
		{495AE242-DA05-4966-B79B-CE9C4108AF32}.Release|x64.Build.0 = Release|Any CPU
		{495AE242-DA05-4966-B79B-CE9C4108AF32}.Release|x64.Deploy.0 = Release|Any CPU
		{495AE242-DA05-4966-B79B-CE9C4108AF32}.Release|x86.ActiveCfg = Release|Any CPU
		{495AE242-DA05-4966-B79B-CE9C4108AF32}.Release|x86.Build.0 = Release|Any CPU
		{495AE242-DA05-4966-B79B-CE9C4108AF32}.Release|x86.Deploy.0 = Release|Any CPU
		{A50AEAD9-DC26-4B93-990B-0E14817078F3}.Debug|Any CPU.ActiveCfg = Debug|Any CPU
		{A50AEAD9-DC26-4B93-990B-0E14817078F3}.Debug|Any CPU.Build.0 = Debug|Any CPU
		{A50AEAD9-DC26-4B93-990B-0E14817078F3}.Debug|Any CPU.Deploy.0 = Debug|Any CPU
		{A50AEAD9-DC26-4B93-990B-0E14817078F3}.Debug|ARM.ActiveCfg = Debug|Any CPU
		{A50AEAD9-DC26-4B93-990B-0E14817078F3}.Debug|ARM.Build.0 = Debug|Any CPU
		{A50AEAD9-DC26-4B93-990B-0E14817078F3}.Debug|ARM.Deploy.0 = Debug|Any CPU
		{A50AEAD9-DC26-4B93-990B-0E14817078F3}.Debug|x64.ActiveCfg = Debug|Any CPU
		{A50AEAD9-DC26-4B93-990B-0E14817078F3}.Debug|x64.Build.0 = Debug|Any CPU
		{A50AEAD9-DC26-4B93-990B-0E14817078F3}.Debug|x64.Deploy.0 = Debug|Any CPU
		{A50AEAD9-DC26-4B93-990B-0E14817078F3}.Debug|x86.ActiveCfg = Debug|Any CPU
		{A50AEAD9-DC26-4B93-990B-0E14817078F3}.Debug|x86.Build.0 = Debug|Any CPU
		{A50AEAD9-DC26-4B93-990B-0E14817078F3}.Debug|x86.Deploy.0 = Debug|Any CPU
		{A50AEAD9-DC26-4B93-990B-0E14817078F3}.Release|Any CPU.ActiveCfg = Release|Any CPU
		{A50AEAD9-DC26-4B93-990B-0E14817078F3}.Release|Any CPU.Build.0 = Release|Any CPU
		{A50AEAD9-DC26-4B93-990B-0E14817078F3}.Release|Any CPU.Deploy.0 = Release|Any CPU
		{A50AEAD9-DC26-4B93-990B-0E14817078F3}.Release|ARM.ActiveCfg = Release|Any CPU
		{A50AEAD9-DC26-4B93-990B-0E14817078F3}.Release|ARM.Build.0 = Release|Any CPU
		{A50AEAD9-DC26-4B93-990B-0E14817078F3}.Release|ARM.Deploy.0 = Release|Any CPU
		{A50AEAD9-DC26-4B93-990B-0E14817078F3}.Release|x64.ActiveCfg = Release|Any CPU
		{A50AEAD9-DC26-4B93-990B-0E14817078F3}.Release|x64.Build.0 = Release|Any CPU
		{A50AEAD9-DC26-4B93-990B-0E14817078F3}.Release|x64.Deploy.0 = Release|Any CPU
		{A50AEAD9-DC26-4B93-990B-0E14817078F3}.Release|x86.ActiveCfg = Release|Any CPU
		{A50AEAD9-DC26-4B93-990B-0E14817078F3}.Release|x86.Build.0 = Release|Any CPU
		{A50AEAD9-DC26-4B93-990B-0E14817078F3}.Release|x86.Deploy.0 = Release|Any CPU
		{56A82602-2309-4B14-9453-2A085491AAF9}.Debug|Any CPU.ActiveCfg = Debug|Any CPU
		{56A82602-2309-4B14-9453-2A085491AAF9}.Debug|Any CPU.Build.0 = Debug|Any CPU
		{56A82602-2309-4B14-9453-2A085491AAF9}.Debug|ARM.ActiveCfg = Debug|Any CPU
		{56A82602-2309-4B14-9453-2A085491AAF9}.Debug|ARM.Build.0 = Debug|Any CPU
		{56A82602-2309-4B14-9453-2A085491AAF9}.Debug|x64.ActiveCfg = Debug|Any CPU
		{56A82602-2309-4B14-9453-2A085491AAF9}.Debug|x64.Build.0 = Debug|Any CPU
		{56A82602-2309-4B14-9453-2A085491AAF9}.Debug|x86.ActiveCfg = Debug|Any CPU
		{56A82602-2309-4B14-9453-2A085491AAF9}.Debug|x86.Build.0 = Debug|Any CPU
		{56A82602-2309-4B14-9453-2A085491AAF9}.Release|Any CPU.ActiveCfg = Release|Any CPU
		{56A82602-2309-4B14-9453-2A085491AAF9}.Release|Any CPU.Build.0 = Release|Any CPU
		{56A82602-2309-4B14-9453-2A085491AAF9}.Release|ARM.ActiveCfg = Release|Any CPU
		{56A82602-2309-4B14-9453-2A085491AAF9}.Release|ARM.Build.0 = Release|Any CPU
		{56A82602-2309-4B14-9453-2A085491AAF9}.Release|x64.ActiveCfg = Release|Any CPU
		{56A82602-2309-4B14-9453-2A085491AAF9}.Release|x64.Build.0 = Release|Any CPU
		{56A82602-2309-4B14-9453-2A085491AAF9}.Release|x86.ActiveCfg = Release|Any CPU
		{56A82602-2309-4B14-9453-2A085491AAF9}.Release|x86.Build.0 = Release|Any CPU
		{35CB1380-E8DA-46C9-A25C-947395B784C3}.Debug|Any CPU.ActiveCfg = Debug|Any CPU
		{35CB1380-E8DA-46C9-A25C-947395B784C3}.Debug|Any CPU.Build.0 = Debug|Any CPU
		{35CB1380-E8DA-46C9-A25C-947395B784C3}.Debug|ARM.ActiveCfg = Debug|Any CPU
		{35CB1380-E8DA-46C9-A25C-947395B784C3}.Debug|ARM.Build.0 = Debug|Any CPU
		{35CB1380-E8DA-46C9-A25C-947395B784C3}.Debug|x64.ActiveCfg = Debug|Any CPU
		{35CB1380-E8DA-46C9-A25C-947395B784C3}.Debug|x64.Build.0 = Debug|Any CPU
		{35CB1380-E8DA-46C9-A25C-947395B784C3}.Debug|x86.ActiveCfg = Debug|Any CPU
		{35CB1380-E8DA-46C9-A25C-947395B784C3}.Debug|x86.Build.0 = Debug|Any CPU
		{35CB1380-E8DA-46C9-A25C-947395B784C3}.Release|Any CPU.ActiveCfg = Release|Any CPU
		{35CB1380-E8DA-46C9-A25C-947395B784C3}.Release|Any CPU.Build.0 = Release|Any CPU
		{35CB1380-E8DA-46C9-A25C-947395B784C3}.Release|ARM.ActiveCfg = Release|Any CPU
		{35CB1380-E8DA-46C9-A25C-947395B784C3}.Release|ARM.Build.0 = Release|Any CPU
		{35CB1380-E8DA-46C9-A25C-947395B784C3}.Release|x64.ActiveCfg = Release|Any CPU
		{35CB1380-E8DA-46C9-A25C-947395B784C3}.Release|x64.Build.0 = Release|Any CPU
		{35CB1380-E8DA-46C9-A25C-947395B784C3}.Release|x86.ActiveCfg = Release|Any CPU
		{35CB1380-E8DA-46C9-A25C-947395B784C3}.Release|x86.Build.0 = Release|Any CPU
		{6345D126-DDEA-46D7-9913-2044D39F4D01}.Debug|Any CPU.ActiveCfg = Debug|Any CPU
		{6345D126-DDEA-46D7-9913-2044D39F4D01}.Debug|Any CPU.Build.0 = Debug|Any CPU
		{6345D126-DDEA-46D7-9913-2044D39F4D01}.Debug|ARM.ActiveCfg = Debug|Any CPU
		{6345D126-DDEA-46D7-9913-2044D39F4D01}.Debug|ARM.Build.0 = Debug|Any CPU
		{6345D126-DDEA-46D7-9913-2044D39F4D01}.Debug|x64.ActiveCfg = Debug|Any CPU
		{6345D126-DDEA-46D7-9913-2044D39F4D01}.Debug|x64.Build.0 = Debug|Any CPU
		{6345D126-DDEA-46D7-9913-2044D39F4D01}.Debug|x86.ActiveCfg = Debug|Any CPU
		{6345D126-DDEA-46D7-9913-2044D39F4D01}.Debug|x86.Build.0 = Debug|Any CPU
		{6345D126-DDEA-46D7-9913-2044D39F4D01}.Release|Any CPU.ActiveCfg = Release|Any CPU
		{6345D126-DDEA-46D7-9913-2044D39F4D01}.Release|Any CPU.Build.0 = Release|Any CPU
		{6345D126-DDEA-46D7-9913-2044D39F4D01}.Release|ARM.ActiveCfg = Release|Any CPU
		{6345D126-DDEA-46D7-9913-2044D39F4D01}.Release|ARM.Build.0 = Release|Any CPU
		{6345D126-DDEA-46D7-9913-2044D39F4D01}.Release|x64.ActiveCfg = Release|Any CPU
		{6345D126-DDEA-46D7-9913-2044D39F4D01}.Release|x64.Build.0 = Release|Any CPU
		{6345D126-DDEA-46D7-9913-2044D39F4D01}.Release|x86.ActiveCfg = Release|Any CPU
		{6345D126-DDEA-46D7-9913-2044D39F4D01}.Release|x86.Build.0 = Release|Any CPU
	EndGlobalSection
	GlobalSection(SolutionProperties) = preSolution
		HideSolutionNode = FALSE
	EndGlobalSection
	GlobalSection(ExtensibilityGlobals) = postSolution
		SolutionGuid = {A847A1C9-E95E-47A1-916C-672AC21B0A3A}
	EndGlobalSection
EndGlobal
